// !$*UTF8*$!
{
	archiveVersion = 1;
	classes = {
	};
	objectVersion = 46;
	objects = {

/* Begin PBXBuildFile section */
		B362DF801D17DEF600D23CCD /* back.jpg in Resources */ = {isa = PBXBuildFile; fileRef = B362DF7F1D17DEF600D23CCD /* back.jpg */; };
		B36E34681D12F26600BE34C3 /* AppDelegate.swift in Sources */ = {isa = PBXBuildFile; fileRef = B36E34671D12F26600BE34C3 /* AppDelegate.swift */; };
		B36E346A1D12F26600BE34C3 /* ViewController.swift in Sources */ = {isa = PBXBuildFile; fileRef = B36E34691D12F26600BE34C3 /* ViewController.swift */; };
		B36E346D1D12F26600BE34C3 /* Main.storyboard in Resources */ = {isa = PBXBuildFile; fileRef = B36E346B1D12F26600BE34C3 /* Main.storyboard */; };
		B36E346F1D12F26600BE34C3 /* Assets.xcassets in Resources */ = {isa = PBXBuildFile; fileRef = B36E346E1D12F26600BE34C3 /* Assets.xcassets */; };
		B36E34721D12F26600BE34C3 /* LaunchScreen.storyboard in Resources */ = {isa = PBXBuildFile; fileRef = B36E34701D12F26600BE34C3 /* LaunchScreen.storyboard */; };
		B36E347A1D1312BF00BE34C3 /* NetworkOprator.swift in Sources */ = {isa = PBXBuildFile; fileRef = B36E34791D1312BF00BE34C3 /* NetworkOprator.swift */; };
		B36E347E1D13136600BE34C3 /* JokeService.swift in Sources */ = {isa = PBXBuildFile; fileRef = B36E347D1D13136600BE34C3 /* JokeService.swift */; };
		B36E34801D13154900BE34C3 /* Joke.swift in Sources */ = {isa = PBXBuildFile; fileRef = B36E347F1D13154900BE34C3 /* Joke.swift */; };
/* End PBXBuildFile section */

/* Begin PBXFileReference section */
		B362DF7F1D17DEF600D23CCD /* back.jpg */ = {isa = PBXFileReference; lastKnownFileType = image.jpeg; path = back.jpg; sourceTree = "<group>"; };
		B36E34641D12F26600BE34C3 /* jokes.app */ = {isa = PBXFileReference; explicitFileType = wrapper.application; includeInIndex = 0; path = jokes.app; sourceTree = BUILT_PRODUCTS_DIR; };
		B36E34671D12F26600BE34C3 /* AppDelegate.swift */ = {isa = PBXFileReference; lastKnownFileType = sourcecode.swift; path = AppDelegate.swift; sourceTree = "<group>"; };
		B36E34691D12F26600BE34C3 /* ViewController.swift */ = {isa = PBXFileReference; lastKnownFileType = sourcecode.swift; path = ViewController.swift; sourceTree = "<group>"; };
		B36E346C1D12F26600BE34C3 /* Base */ = {isa = PBXFileReference; lastKnownFileType = file.storyboard; name = Base; path = Base.lproj/Main.storyboard; sourceTree = "<group>"; };
		B36E346E1D12F26600BE34C3 /* Assets.xcassets */ = {isa = PBXFileReference; lastKnownFileType = folder.assetcatalog; path = Assets.xcassets; sourceTree = "<group>"; };
		B36E34711D12F26600BE34C3 /* Base */ = {isa = PBXFileReference; lastKnownFileType = file.storyboard; name = Base; path = Base.lproj/LaunchScreen.storyboard; sourceTree = "<group>"; };
		B36E34731D12F26600BE34C3 /* Info.plist */ = {isa = PBXFileReference; lastKnownFileType = text.plist.xml; path = Info.plist; sourceTree = "<group>"; };
		B36E34791D1312BF00BE34C3 /* NetworkOprator.swift */ = {isa = PBXFileReference; fileEncoding = 4; lastKnownFileType = sourcecode.swift; path = NetworkOprator.swift; sourceTree = "<group>"; };
		B36E347D1D13136600BE34C3 /* JokeService.swift */ = {isa = PBXFileReference; fileEncoding = 4; lastKnownFileType = sourcecode.swift; path = JokeService.swift; sourceTree = "<group>"; };
		B36E347F1D13154900BE34C3 /* Joke.swift */ = {isa = PBXFileReference; fileEncoding = 4; lastKnownFileType = sourcecode.swift; path = Joke.swift; sourceTree = "<group>"; };
/* End PBXFileReference section */

/* Begin PBXFrameworksBuildPhase section */
		B36E34611D12F26600BE34C3 /* Frameworks */ = {
			isa = PBXFrameworksBuildPhase;
			buildActionMask = 2147483647;
			files = (
			);
			runOnlyForDeploymentPostprocessing = 0;
		};
/* End PBXFrameworksBuildPhase section */

/* Begin PBXGroup section */
		B36E345B1D12F26600BE34C3 = {
			isa = PBXGroup;
			children = (
				B36E34661D12F26600BE34C3 /* jokes */,
				B36E34651D12F26600BE34C3 /* Products */,
			);
			sourceTree = "<group>";
		};
		B36E34651D12F26600BE34C3 /* Products */ = {
			isa = PBXGroup;
			children = (
				B36E34641D12F26600BE34C3 /* jokes.app */,
			);
			name = Products;
			sourceTree = "<group>";
		};
		B36E34661D12F26600BE34C3 /* jokes */ = {
			isa = PBXGroup;
			children = (
				B36E34671D12F26600BE34C3 /* AppDelegate.swift */,
				B36E34691D12F26600BE34C3 /* ViewController.swift */,
				B36E347D1D13136600BE34C3 /* JokeService.swift */,
				B36E347F1D13154900BE34C3 /* Joke.swift */,
				B36E34791D1312BF00BE34C3 /* NetworkOprator.swift */,
				B362DF7F1D17DEF600D23CCD /* back.jpg */,
				B36E346B1D12F26600BE34C3 /* Main.storyboard */,
				B36E346E1D12F26600BE34C3 /* Assets.xcassets */,
				B36E34701D12F26600BE34C3 /* LaunchScreen.storyboard */,
				B36E34731D12F26600BE34C3 /* Info.plist */,
			);
			path = jokes;
			sourceTree = "<group>";
		};
/* End PBXGroup section */

/* Begin PBXNativeTarget section */
		B36E34631D12F26600BE34C3 /* jokes */ = {
			isa = PBXNativeTarget;
			buildConfigurationList = B36E34761D12F26600BE34C3 /* Build configuration list for PBXNativeTarget "jokes" */;
			buildPhases = (
				B36E34601D12F26600BE34C3 /* Sources */,
				B36E34611D12F26600BE34C3 /* Frameworks */,
				B36E34621D12F26600BE34C3 /* Resources */,
			);
			buildRules = (
			);
			dependencies = (
			);
			name = jokes;
			productName = jokes;
			productReference = B36E34641D12F26600BE34C3 /* jokes.app */;
			productType = "com.apple.product-type.application";
		};
/* End PBXNativeTarget section */

/* Begin PBXProject section */
		B36E345C1D12F26600BE34C3 /* Project object */ = {
			isa = PBXProject;
			attributes = {
				LastSwiftUpdateCheck = 0730;
				LastUpgradeCheck = 0730;
				ORGANIZATIONNAME = faizan;
				TargetAttributes = {
					B36E34631D12F26600BE34C3 = {
						CreatedOnToolsVersion = 7.3;
					};
				};
			};
			buildConfigurationList = B36E345F1D12F26600BE34C3 /* Build configuration list for PBXProject "jokes" */;
			compatibilityVersion = "Xcode 3.2";
			developmentRegion = English;
			hasScannedForEncodings = 0;
			knownRegions = (
				en,
				Base,
			);
			mainGroup = B36E345B1D12F26600BE34C3;
			productRefGroup = B36E34651D12F26600BE34C3 /* Products */;
			projectDirPath = "";
			projectRoot = "";
			targets = (
				B36E34631D12F26600BE34C3 /* jokes */,
			);
		};
/* End PBXProject section */

/* Begin PBXResourcesBuildPhase section */
		B36E34621D12F26600BE34C3 /* Resources */ = {
			isa = PBXResourcesBuildPhase;
			buildActionMask = 2147483647;
			files = (
				B362DF801D17DEF600D23CCD /* back.jpg in Resources */,
				B36E34721D12F26600BE34C3 /* LaunchScreen.storyboard in Resources */,
				B36E346F1D12F26600BE34C3 /* Assets.xcassets in Resources */,
				B36E346D1D12F26600BE34C3 /* Main.storyboard in Resources */,
			);
			runOnlyForDeploymentPostprocessing = 0;
		};
/* End PBXResourcesBuildPhase section */

/* Begin PBXSourcesBuildPhase section */
		B36E34601D12F26600BE34C3 /* Sources */ = {
			isa = PBXSourcesBuildPhase;
			buildActionMask = 2147483647;
			files = (
				B36E346A1D12F26600BE34C3 /* ViewController.swift in Sources */,
				B36E34801D13154900BE34C3 /* Joke.swift in Sources */,
				B36E347A1D1312BF00BE34C3 /* NetworkOprator.swift in Sources */,
				B36E347E1D13136600BE34C3 /* JokeService.swift in Sources */,
				B36E34681D12F26600BE34C3 /* AppDelegate.swift in Sources */,
			);
			runOnlyForDeploymentPostprocessing = 0;
		};
/* End PBXSourcesBuildPhase section */

/* Begin PBXVariantGroup section */
		B36E346B1D12F26600BE34C3 /* Main.storyboard */ = {
			isa = PBXVariantGroup;
			children = (
				B36E346C1D12F26600BE34C3 /* Base */,
			);
			name = Main.storyboard;
			sourceTree = "<group>";
		};
		B36E34701D12F26600BE34C3 /* LaunchScreen.storyboard */ = {
			isa = PBXVariantGroup;
			children = (
				B36E34711D12F26600BE34C3 /* Base */,
			);
			name = LaunchScreen.storyboard;
			sourceTree = "<group>";
		};
/* End PBXVariantGroup section */

/* Begin XCBuildConfiguration section */
		B36E34741D12F26600BE34C3 /* Debug */ = {
			isa = XCBuildConfiguration;
			buildSettings = {
				ALWAYS_SEARCH_USER_PATHS = NO;
				CLANG_ANALYZER_NONNULL = YES;
				CLANG_CXX_LANGUAGE_STANDARD = "gnu++0x";
				CLANG_CXX_LIBRARY = "libc++";
				CLANG_ENABLE_MODULES = YES;
				CLANG_ENABLE_OBJC_ARC = YES;
				CLANG_WARN_BOOL_CONVERSION = YES;
				CLANG_WARN_CONSTANT_CONVERSION = YES;
				CLANG_WARN_DIRECT_OBJC_ISA_USAGE = YES_ERROR;
				CLANG_WARN_EMPTY_BODY = YES;
				CLANG_WARN_ENUM_CONVERSION = YES;
				CLANG_WARN_INT_CONVERSION = YES;
				CLANG_WARN_OBJC_ROOT_CLASS = YES_ERROR;
				CLANG_WARN_UNREACHABLE_CODE = YES;
				CLANG_WARN__DUPLICATE_METHOD_MATCH = YES;
				"CODE_SIGN_IDENTITY[sdk=iphoneos*]" = "iPhone Developer";
				COPY_PHASE_STRIP = NO;
				DEBUG_INFORMATION_FORMAT = dwarf;
				ENABLE_STRICT_OBJC_MSGSEND = YES;
				ENABLE_TESTABILITY = YES;
				GCC_C_LANGUAGE_STANDARD = gnu99;
				GCC_DYNAMIC_NO_PIC = NO;
				GCC_NO_COMMON_BLOCKS = YES;
				GCC_OPTIMIZATION_LEVEL = 0;
				GCC_PREPROCESSOR_DEFINITIONS = (
					"DEBUG=1",
					"$(inherited)",
				);
				GCC_WARN_64_TO_32_BIT_CONVERSION = YES;
				GCC_WARN_ABOUT_RETURN_TYPE = YES_ERROR;
				GCC_WARN_UNDECLARED_SELECTOR = YES;
				GCC_WARN_UNINITIALIZED_AUTOS = YES_AGGRESSIVE;
				GCC_WARN_UNUSED_FUNCTION = YES;
				GCC_WARN_UNUSED_VARIABLE = YES;
				IPHONEOS_DEPLOYMENT_TARGET = 9.3;
				MTL_ENABLE_DEBUG_INFO = YES;
				ONLY_ACTIVE_ARCH = YES;
				SDKROOT = iphoneos;
				SWIFT_OPTIMIZATION_LEVEL = "-Onone";
			};
			name = Debug;
		};
		B36E34751D12F26600BE34C3 /* Release */ = {
			isa = XCBuildConfiguration;
			buildSettings = {
				ALWAYS_SEARCH_USER_PATHS = NO;
				CLANG_ANALYZER_NONNULL = YES;
				CLANG_CXX_LANGUAGE_STANDARD = "gnu++0x";
				CLANG_CXX_LIBRARY = "libc++";
				CLANG_ENABLE_MODULES = YES;
				CLANG_ENABLE_OBJC_ARC = YES;
				CLANG_WARN_BOOL_CONVERSION = YES;
				CLANG_WARN_CONSTANT_CONVERSION = YES;
				CLANG_WARN_DIRECT_OBJC_ISA_USAGE = YES_ERROR;
				CLANG_WARN_EMPTY_BODY = YES;
				CLANG_WARN_ENUM_CONVERSION = YES;
				CLANG_WARN_INT_CONVERSION = YES;
				CLANG_WARN_OBJC_ROOT_CLASS = YES_ERROR;
				CLANG_WARN_UNREACHABLE_CODE = YES;
				CLANG_WARN__DUPLICATE_METHOD_MATCH = YES;
				"CODE_SIGN_IDENTITY[sdk=iphoneos*]" = "iPhone Developer";
				COPY_PHASE_STRIP = NO;
				DEBUG_INFORMATION_FORMAT = "dwarf-with-dsym";
				ENABLE_NS_ASSERTIONS = NO;
				ENABLE_STRICT_OBJC_MSGSEND = YES;
				GCC_C_LANGUAGE_STANDARD = gnu99;
				GCC_NO_COMMON_BLOCKS = YES;
				GCC_WARN_64_TO_32_BIT_CONVERSION = YES;
				GCC_WARN_ABOUT_RETURN_TYPE = YES_ERROR;
				GCC_WARN_UNDECLARED_SELECTOR = YES;
				GCC_WARN_UNINITIALIZED_AUTOS = YES_AGGRESSIVE;
				GCC_WARN_UNUSED_FUNCTION = YES;
				GCC_WARN_UNUSED_VARIABLE = YES;
				IPHONEOS_DEPLOYMENT_TARGET = 9.3;
				MTL_ENABLE_DEBUG_INFO = NO;
				SDKROOT = iphoneos;
				VALIDATE_PRODUCT = YES;
			};
			name = Release;
		};
		B36E34771D12F26600BE34C3 /* Debug */ = {
			isa = XCBuildConfiguration;
			buildSettings = {
				ASSETCATALOG_COMPILER_APPICON_NAME = AppIcon;
				INFOPLIST_FILE = jokes/Info.plist;
				LD_RUNPATH_SEARCH_PATHS = "$(inherited) @executable_path/Frameworks";
				PRODUCT_BUNDLE_IDENTIFIER = com.faizan.jokes;
				PRODUCT_NAME = "$(TARGET_NAME)";
			};
			name = Debug;
		};
		B36E34781D12F26600BE34C3 /* Release */ = {
			isa = XCBuildConfiguration;
			buildSettings = {
				ASSETCATALOG_COMPILER_APPICON_NAME = AppIcon;
				INFOPLIST_FILE = jokes/Info.plist;
				LD_RUNPATH_SEARCH_PATHS = "$(inherited) @executable_path/Frameworks";
				PRODUCT_BUNDLE_IDENTIFIER = com.faizan.jokes;
				PRODUCT_NAME = "$(TARGET_NAME)";
			};
			name = Release;
		};
/* End XCBuildConfiguration section */

/* Begin XCConfigurationList section */
		B36E345F1D12F26600BE34C3 /* Build configuration list for PBXProject "jokes" */ = {
			isa = XCConfigurationList;
			buildConfigurations = (
				B36E34741D12F26600BE34C3 /* Debug */,
				B36E34751D12F26600BE34C3 /* Release */,
			);
			defaultConfigurationIsVisible = 0;
			defaultConfigurationName = Release;
		};
		B36E34761D12F26600BE34C3 /* Build configuration list for PBXNativeTarget "jokes" */ = {
			isa = XCConfigurationList;
			buildConfigurations = (
				B36E34771D12F26600BE34C3 /* Debug */,
				B36E34781D12F26600BE34C3 /* Release */,
			);
			defaultConfigurationIsVisible = 0;
			defaultConfigurationName = Release;
		};
/* End XCConfigurationList section */
	};
	rootObject = B36E345C1D12F26600BE34C3 /* Project object */;
}
